<Solution>
  <Folder Name="/src/">
    <Project Path="src/Novolis.Cad.Primitives/Novolis.Cad.Primitives.csproj" />
    <Project Path="src/Novolis.Cad.SceneBridge/Novolis.Cad.SceneBridge.csproj" />
    <Project Path="src/Novolis.Modeling.Scene/Novolis.Modeling.Scene.csproj" />
    <Project Path="src/Novolis.Modeling.Import/Novolis.Modeling.Import.csproj" />
  </Folder>
  <Folder Name="/tests/">
    <Project Path="tests/Novolis.Cad.Unit/Novolis.Cad.Unit.csproj" />
  </Folder>
</Solution>
