<Solution>
  <Folder Name="/src/">
    <Project Path="src/Novolis.Cad.Primitives/Novolis.Cad.Primitives.csproj" />
    <Project Path="src/Novolis.Cad.Blueprint/Novolis.Cad.Blueprint.csproj" />
    <Project Path="src/Novolis.Cad.SceneBridge/Novolis.Cad.SceneBridge.csproj" />
    <Project Path="src/Novolis.Cad.Evaluation/Novolis.Cad.Evaluation.csproj" />
  </Folder>
  <Folder Name="/tests/">
    <Project Path="tests/Novolis.Cad.Unit/Novolis.Cad.Unit.csproj" />
  </Folder>
</Solution>
